// !$*UTF8*$!
{
	archiveVersion = 1;
	classes = {
	};
	objectVersion = 50;
	objects = {

/* Begin PBXBuildFile section */
		898CEFF5BFD2D614C3B73D4E /* libPods-CBKPractice.a in Frameworks */ = {isa = PBXBuildFile; fileRef = 4558FF7C5D4EA596BBBA3442 /* libPods-CBKPractice.a */; };
		A4B048EC7CEF5D45EDBB0796 /* libPods-CBKPracticeTests.a in Frameworks */ = {isa = PBXBuildFile; fileRef = 0D01C6672BCEB6C67C2A368C /* libPods-CBKPracticeTests.a */; };
		F6042E062181F84200D3C287 /* StretchyHeaderViewController.m in Sources */ = {isa = PBXBuildFile; fileRef = F6042E052181F84200D3C287 /* StretchyHeaderViewController.m */; };
		F6042E172182324E00D3C287 /* UITableView+RefreshKit.m in Sources */ = {isa = PBXBuildFile; fileRef = F6042E162182324E00D3C287 /* UITableView+RefreshKit.m */; };
		F622C87E21844C7F00E4ED6F /* AnimalCellTests.m in Sources */ = {isa = PBXBuildFile; fileRef = F622C87D21844C7F00E4ED6F /* AnimalCellTests.m */; };
		F622C880218452E200E4ED6F /* UIScrollViewBridgeTests.m in Sources */ = {isa = PBXBuildFile; fileRef = F622C87F218452E200E4ED6F /* UIScrollViewBridgeTests.m */; };
		F622C88A2184A06900E4ED6F /* UITableViewSpy.m in Sources */ = {isa = PBXBuildFile; fileRef = F622C8892184A06900E4ED6F /* UITableViewSpy.m */; };
		F622C88D2184A51800E4ED6F /* StretchyHeaderViewControllerSpy.m in Sources */ = {isa = PBXBuildFile; fileRef = F622C88C2184A51800E4ED6F /* StretchyHeaderViewControllerSpy.m */; };
		F622C8902184A5F700E4ED6F /* ListAnimalsViewControllerSpy.m in Sources */ = {isa = PBXBuildFile; fileRef = F622C88F2184A5F700E4ED6F /* ListAnimalsViewControllerSpy.m */; };
		F62ACA8F217F56450056A836 /* Animal.m in Sources */ = {isa = PBXBuildFile; fileRef = F62ACA8E217F56450056A836 /* Animal.m */; };
		F62ACA92217F56DA0056A836 /* ZooDataManager.m in Sources */ = {isa = PBXBuildFile; fileRef = F62ACA91217F56DA0056A836 /* ZooDataManager.m */; };
		F66E837221842DEB00C166FE /* ZooDataManagerTests.m in Sources */ = {isa = PBXBuildFile; fileRef = F66E837121842DEB00C166FE /* ZooDataManagerTests.m */; };
		F681F87C217DFA70006E6D2B /* AppDelegate.m in Sources */ = {isa = PBXBuildFile; fileRef = F681F87B217DFA70006E6D2B /* AppDelegate.m */; };
		F681F87F217DFA70006E6D2B /* ListAnimalsViewController.m in Sources */ = {isa = PBXBuildFile; fileRef = F681F87E217DFA70006E6D2B /* ListAnimalsViewController.m */; };
		F681F882217DFA70006E6D2B /* Main.storyboard in Resources */ = {isa = PBXBuildFile; fileRef = F681F880217DFA70006E6D2B /* Main.storyboard */; };
		F681F884217DFA72006E6D2B /* Assets.xcassets in Resources */ = {isa = PBXBuildFile; fileRef = F681F883217DFA72006E6D2B /* Assets.xcassets */; };
		F681F887217DFA72006E6D2B /* LaunchScreen.storyboard in Resources */ = {isa = PBXBuildFile; fileRef = F681F885217DFA72006E6D2B /* LaunchScreen.storyboard */; };
		F681F88A217DFA72006E6D2B /* main.m in Sources */ = {isa = PBXBuildFile; fileRef = F681F889217DFA72006E6D2B /* main.m */; };
		F68AE436218095030037D5D2 /* AnimalCell.m in Sources */ = {isa = PBXBuildFile; fileRef = F68AE434218095030037D5D2 /* AnimalCell.m */; };
		F68AE437218095030037D5D2 /* AnimalCell.xib in Resources */ = {isa = PBXBuildFile; fileRef = F68AE435218095030037D5D2 /* AnimalCell.xib */; };
		F6FB7EE62180DC2A00AD1F52 /* UIView+Round.m in Sources */ = {isa = PBXBuildFile; fileRef = F6FB7EE52180DC2A00AD1F52 /* UIView+Round.m */; };
		F6FB7EE92180DE5100AD1F52 /* ShadowImageView.m in Sources */ = {isa = PBXBuildFile; fileRef = F6FB7EE82180DE5100AD1F52 /* ShadowImageView.m */; };
		F6FB7EEB2180DE5A00AD1F52 /* ShadowImageView.xib in Resources */ = {isa = PBXBuildFile; fileRef = F6FB7EEA2180DE5A00AD1F52 /* ShadowImageView.xib */; };
		F6FB7EEE2180E86600AD1F52 /* AnimalHeader.m in Sources */ = {isa = PBXBuildFile; fileRef = F6FB7EED2180E86600AD1F52 /* AnimalHeader.m */; };
		F6FB7EF22180F5E400AD1F52 /* Images.xcassets in Resources */ = {isa = PBXBuildFile; fileRef = F6FB7EF12180F5E400AD1F52 /* Images.xcassets */; };
		F6FE189921843AE30059EF1B /* AnimalTests.m in Sources */ = {isa = PBXBuildFile; fileRef = F6FE189821843AE30059EF1B /* AnimalTests.m */; };
		F6FE189D21843DF40059EF1B /* ListAnimalsViewControllerTests.m in Sources */ = {isa = PBXBuildFile; fileRef = F6FE189C21843DF40059EF1B /* ListAnimalsViewControllerTests.m */; };
/* End PBXBuildFile section */

/* Begin PBXContainerItemProxy section */
		F681F890217DFA72006E6D2B /* PBXContainerItemProxy */ = {
			isa = PBXContainerItemProxy;
			containerPortal = F681F86F217DFA70006E6D2B /* Project object */;
			proxyType = 1;
			remoteGlobalIDString = F681F876217DFA70006E6D2B;
			remoteInfo = CBKPractice;
		};
/* End PBXContainerItemProxy section */

/* Begin PBXFileReference section */
		082221AA62AFBA1D5AD4ED4A /* Pods-CBKPracticeTests.release.xcconfig */ = {isa = PBXFileReference; includeInIndex = 1; lastKnownFileType = text.xcconfig; name = "Pods-CBKPracticeTests.release.xcconfig"; path = "Pods/Target Support Files/Pods-CBKPracticeTests/Pods-CBKPracticeTests.release.xcconfig"; sourceTree = "<group>"; };
		0D01C6672BCEB6C67C2A368C /* libPods-CBKPracticeTests.a */ = {isa = PBXFileReference; explicitFileType = archive.ar; includeInIndex = 0; path = "libPods-CBKPracticeTests.a"; sourceTree = BUILT_PRODUCTS_DIR; };
		2F9B41DB446D9C59E19DAFCA /* Pods-CBKPractice.release.xcconfig */ = {isa = PBXFileReference; includeInIndex = 1; lastKnownFileType = text.xcconfig; name = "Pods-CBKPractice.release.xcconfig"; path = "Pods/Target Support Files/Pods-CBKPractice/Pods-CBKPractice.release.xcconfig"; sourceTree = "<group>"; };
		4323D67FC02F86DD4C2AA5DC /* Pods-CBKPracticeTests.debug.xcconfig */ = {isa = PBXFileReference; includeInIndex = 1; lastKnownFileType = text.xcconfig; name = "Pods-CBKPracticeTests.debug.xcconfig"; path = "Pods/Target Support Files/Pods-CBKPracticeTests/Pods-CBKPracticeTests.debug.xcconfig"; sourceTree = "<group>"; };
		4558FF7C5D4EA596BBBA3442 /* libPods-CBKPractice.a */ = {isa = PBXFileReference; explicitFileType = archive.ar; includeInIndex = 0; path = "libPods-CBKPractice.a"; sourceTree = BUILT_PRODUCTS_DIR; };
		4AAB25A3E020AF233F9B756B /* Pods-CBKPractice.debug.xcconfig */ = {isa = PBXFileReference; includeInIndex = 1; lastKnownFileType = text.xcconfig; name = "Pods-CBKPractice.debug.xcconfig"; path = "Pods/Target Support Files/Pods-CBKPractice/Pods-CBKPractice.debug.xcconfig"; sourceTree = "<group>"; };
		F6042E042181F84200D3C287 /* StretchyHeaderViewController.h */ = {isa = PBXFileReference; lastKnownFileType = sourcecode.c.h; path = StretchyHeaderViewController.h; sourceTree = "<group>"; };
		F6042E052181F84200D3C287 /* StretchyHeaderViewController.m */ = {isa = PBXFileReference; lastKnownFileType = sourcecode.c.objc; path = StretchyHeaderViewController.m; sourceTree = "<group>"; };
		F6042E072181F9CB00D3C287 /* UIScrollViewBridge.h */ = {isa = PBXFileReference; lastKnownFileType = sourcecode.c.h; path = UIScrollViewBridge.h; sourceTree = "<group>"; };
		F6042E152182324E00D3C287 /* UITableView+RefreshKit.h */ = {isa = PBXFileReference; lastKnownFileType = sourcecode.c.h; path = "UITableView+RefreshKit.h"; sourceTree = "<group>"; };
		F6042E162182324E00D3C287 /* UITableView+RefreshKit.m */ = {isa = PBXFileReference; lastKnownFileType = sourcecode.c.objc; path = "UITableView+RefreshKit.m"; sourceTree = "<group>"; };
		F622C87D21844C7F00E4ED6F /* AnimalCellTests.m */ = {isa = PBXFileReference; lastKnownFileType = sourcecode.c.objc; path = AnimalCellTests.m; sourceTree = "<group>"; };
		F622C87F218452E200E4ED6F /* UIScrollViewBridgeTests.m */ = {isa = PBXFileReference; lastKnownFileType = sourcecode.c.objc; path = UIScrollViewBridgeTests.m; sourceTree = "<group>"; };
		F622C8882184A06900E4ED6F /* UITableViewSpy.h */ = {isa = PBXFileReference; lastKnownFileType = sourcecode.c.h; path = UITableViewSpy.h; sourceTree = "<group>"; };
		F622C8892184A06900E4ED6F /* UITableViewSpy.m */ = {isa = PBXFileReference; lastKnownFileType = sourcecode.c.objc; path = UITableViewSpy.m; sourceTree = "<group>"; };
		F622C88B2184A51800E4ED6F /* StretchyHeaderViewControllerSpy.h */ = {isa = PBXFileReference; lastKnownFileType = sourcecode.c.h; path = StretchyHeaderViewControllerSpy.h; sourceTree = "<group>"; };
		F622C88C2184A51800E4ED6F /* StretchyHeaderViewControllerSpy.m */ = {isa = PBXFileReference; lastKnownFileType = sourcecode.c.objc; path = StretchyHeaderViewControllerSpy.m; sourceTree = "<group>"; };
		F622C88E2184A5F700E4ED6F /* ListAnimalsViewControllerSpy.h */ = {isa = PBXFileReference; lastKnownFileType = sourcecode.c.h; path = ListAnimalsViewControllerSpy.h; sourceTree = "<group>"; };
		F622C88F2184A5F700E4ED6F /* ListAnimalsViewControllerSpy.m */ = {isa = PBXFileReference; lastKnownFileType = sourcecode.c.objc; path = ListAnimalsViewControllerSpy.m; sourceTree = "<group>"; };
		F62ACA8D217F56450056A836 /* Animal.h */ = {isa = PBXFileReference; lastKnownFileType = sourcecode.c.h; path = Animal.h; sourceTree = "<group>"; };
		F62ACA8E217F56450056A836 /* Animal.m */ = {isa = PBXFileReference; lastKnownFileType = sourcecode.c.objc; path = Animal.m; sourceTree = "<group>"; };
		F62ACA90217F56DA0056A836 /* ZooDataManager.h */ = {isa = PBXFileReference; lastKnownFileType = sourcecode.c.h; path = ZooDataManager.h; sourceTree = "<group>"; };
		F62ACA91217F56DA0056A836 /* ZooDataManager.m */ = {isa = PBXFileReference; lastKnownFileType = sourcecode.c.objc; path = ZooDataManager.m; sourceTree = "<group>"; };
		F66E837121842DEB00C166FE /* ZooDataManagerTests.m */ = {isa = PBXFileReference; lastKnownFileType = sourcecode.c.objc; path = ZooDataManagerTests.m; sourceTree = "<group>"; };
		F681F877217DFA70006E6D2B /* CBKPractice.app */ = {isa = PBXFileReference; explicitFileType = wrapper.application; includeInIndex = 0; path = CBKPractice.app; sourceTree = BUILT_PRODUCTS_DIR; };
		F681F87A217DFA70006E6D2B /* AppDelegate.h */ = {isa = PBXFileReference; lastKnownFileType = sourcecode.c.h; path = AppDelegate.h; sourceTree = "<group>"; };
		F681F87B217DFA70006E6D2B /* AppDelegate.m */ = {isa = PBXFileReference; lastKnownFileType = sourcecode.c.objc; path = AppDelegate.m; sourceTree = "<group>"; };
		F681F87D217DFA70006E6D2B /* ListAnimalsViewController.h */ = {isa = PBXFileReference; lastKnownFileType = sourcecode.c.h; path = ListAnimalsViewController.h; sourceTree = "<group>"; };
		F681F87E217DFA70006E6D2B /* ListAnimalsViewController.m */ = {isa = PBXFileReference; lastKnownFileType = sourcecode.c.objc; path = ListAnimalsViewController.m; sourceTree = "<group>"; };
		F681F881217DFA70006E6D2B /* Base */ = {isa = PBXFileReference; lastKnownFileType = file.storyboard; name = Base; path = Base.lproj/Main.storyboard; sourceTree = "<group>"; };
		F681F883217DFA72006E6D2B /* Assets.xcassets */ = {isa = PBXFileReference; lastKnownFileType = folder.assetcatalog; path = Assets.xcassets; sourceTree = "<group>"; };
		F681F886217DFA72006E6D2B /* Base */ = {isa = PBXFileReference; lastKnownFileType = file.storyboard; name = Base; path = Base.lproj/LaunchScreen.storyboard; sourceTree = "<group>"; };
		F681F888217DFA72006E6D2B /* Info.plist */ = {isa = PBXFileReference; lastKnownFileType = text.plist.xml; path = Info.plist; sourceTree = "<group>"; };
		F681F889217DFA72006E6D2B /* main.m */ = {isa = PBXFileReference; lastKnownFileType = sourcecode.c.objc; path = main.m; sourceTree = "<group>"; };
		F681F88F217DFA72006E6D2B /* CBKPracticeTests.xctest */ = {isa = PBXFileReference; explicitFileType = wrapper.cfbundle; includeInIndex = 0; path = CBKPracticeTests.xctest; sourceTree = BUILT_PRODUCTS_DIR; };
		F681F895217DFA72006E6D2B /* Info.plist */ = {isa = PBXFileReference; lastKnownFileType = text.plist.xml; path = Info.plist; sourceTree = "<group>"; };
		F68AE433218095030037D5D2 /* AnimalCell.h */ = {isa = PBXFileReference; lastKnownFileType = sourcecode.c.h; path = AnimalCell.h; sourceTree = "<group>"; };
		F68AE434218095030037D5D2 /* AnimalCell.m */ = {isa = PBXFileReference; lastKnownFileType = sourcecode.c.objc; path = AnimalCell.m; sourceTree = "<group>"; };
		F68AE435218095030037D5D2 /* AnimalCell.xib */ = {isa = PBXFileReference; lastKnownFileType = file.xib; path = AnimalCell.xib; sourceTree = "<group>"; };
		F6FB7EE42180DC2A00AD1F52 /* UIView+Round.h */ = {isa = PBXFileReference; lastKnownFileType = sourcecode.c.h; path = "UIView+Round.h"; sourceTree = "<group>"; };
		F6FB7EE52180DC2A00AD1F52 /* UIView+Round.m */ = {isa = PBXFileReference; lastKnownFileType = sourcecode.c.objc; path = "UIView+Round.m"; sourceTree = "<group>"; };
		F6FB7EE72180DE5100AD1F52 /* ShadowImageView.h */ = {isa = PBXFileReference; lastKnownFileType = sourcecode.c.h; path = ShadowImageView.h; sourceTree = "<group>"; };
		F6FB7EE82180DE5100AD1F52 /* ShadowImageView.m */ = {isa = PBXFileReference; lastKnownFileType = sourcecode.c.objc; path = ShadowImageView.m; sourceTree = "<group>"; };
		F6FB7EEA2180DE5A00AD1F52 /* ShadowImageView.xib */ = {isa = PBXFileReference; lastKnownFileType = file.xib; path = ShadowImageView.xib; sourceTree = "<group>"; };
		F6FB7EEC2180E86600AD1F52 /* AnimalHeader.h */ = {isa = PBXFileReference; lastKnownFileType = sourcecode.c.h; path = AnimalHeader.h; sourceTree = "<group>"; };
		F6FB7EED2180E86600AD1F52 /* AnimalHeader.m */ = {isa = PBXFileReference; lastKnownFileType = sourcecode.c.objc; path = AnimalHeader.m; sourceTree = "<group>"; };
		F6FB7EF12180F5E400AD1F52 /* Images.xcassets */ = {isa = PBXFileReference; lastKnownFileType = folder.assetcatalog; path = Images.xcassets; sourceTree = "<group>"; };
		F6FE189821843AE30059EF1B /* AnimalTests.m */ = {isa = PBXFileReference; lastKnownFileType = sourcecode.c.objc; path = AnimalTests.m; sourceTree = "<group>"; };
		F6FE189C21843DF40059EF1B /* ListAnimalsViewControllerTests.m */ = {isa = PBXFileReference; lastKnownFileType = sourcecode.c.objc; path = ListAnimalsViewControllerTests.m; sourceTree = "<group>"; };
/* End PBXFileReference section */

/* Begin PBXFrameworksBuildPhase section */
		F681F874217DFA70006E6D2B /* Frameworks */ = {
			isa = PBXFrameworksBuildPhase;
			buildActionMask = 2147483647;
			files = (
				898CEFF5BFD2D614C3B73D4E /* libPods-CBKPractice.a in Frameworks */,
			);
			runOnlyForDeploymentPostprocessing = 0;
		};
		F681F88C217DFA72006E6D2B /* Frameworks */ = {
			isa = PBXFrameworksBuildPhase;
			buildActionMask = 2147483647;
			files = (
				A4B048EC7CEF5D45EDBB0796 /* libPods-CBKPracticeTests.a in Frameworks */,
			);
			runOnlyForDeploymentPostprocessing = 0;
		};
/* End PBXFrameworksBuildPhase section */

/* Begin PBXGroup section */
		30B9EA16AA71E6929A6CF55B /* Pods */ = {
			isa = PBXGroup;
			children = (
				4AAB25A3E020AF233F9B756B /* Pods-CBKPractice.debug.xcconfig */,
				2F9B41DB446D9C59E19DAFCA /* Pods-CBKPractice.release.xcconfig */,
				4323D67FC02F86DD4C2AA5DC /* Pods-CBKPracticeTests.debug.xcconfig */,
				082221AA62AFBA1D5AD4ED4A /* Pods-CBKPracticeTests.release.xcconfig */,
			);
			name = Pods;
			sourceTree = "<group>";
		};
		9EB1BE3D174138567F9F731A /* Frameworks */ = {
			isa = PBXGroup;
			children = (
				4558FF7C5D4EA596BBBA3442 /* libPods-CBKPractice.a */,
				0D01C6672BCEB6C67C2A368C /* libPods-CBKPracticeTests.a */,
			);
			name = Frameworks;
			sourceTree = "<group>";
		};
		F6042E0D21822A5700D3C287 /* Controller */ = {
			isa = PBXGroup;
			children = (
				F6042E042181F84200D3C287 /* StretchyHeaderViewController.h */,
				F6042E052181F84200D3C287 /* StretchyHeaderViewController.m */,
				F681F87D217DFA70006E6D2B /* ListAnimalsViewController.h */,
				F681F87E217DFA70006E6D2B /* ListAnimalsViewController.m */,
			);
			path = Controller;
			sourceTree = "<group>";
		};
		F6042E0E21822A7A00D3C287 /* View */ = {
			isa = PBXGroup;
			children = (
				F68AE433218095030037D5D2 /* AnimalCell.h */,
				F68AE434218095030037D5D2 /* AnimalCell.m */,
				F68AE435218095030037D5D2 /* AnimalCell.xib */,
				F6FB7EEC2180E86600AD1F52 /* AnimalHeader.h */,
				F6FB7EED2180E86600AD1F52 /* AnimalHeader.m */,
			);
			path = View;
			sourceTree = "<group>";
		};
		F6042E0F21822AA300D3C287 /* Model */ = {
			isa = PBXGroup;
			children = (
				F62ACA8D217F56450056A836 /* Animal.h */,
				F62ACA8E217F56450056A836 /* Animal.m */,
			);
			path = Model;
			sourceTree = "<group>";
		};
		F6042E1021822AA900D3C287 /* Api */ = {
			isa = PBXGroup;
			children = (
				F62ACA90217F56DA0056A836 /* ZooDataManager.h */,
				F62ACA91217F56DA0056A836 /* ZooDataManager.m */,
			);
			path = Api;
			sourceTree = "<group>";
		};
		F6042E1121822ABC00D3C287 /* Extension */ = {
			isa = PBXGroup;
			children = (
				F6FB7EE42180DC2A00AD1F52 /* UIView+Round.h */,
				F6FB7EE52180DC2A00AD1F52 /* UIView+Round.m */,
				F6042E152182324E00D3C287 /* UITableView+RefreshKit.h */,
				F6042E162182324E00D3C287 /* UITableView+RefreshKit.m */,
			);
			path = Extension;
			sourceTree = "<group>";
		};
		F6042E1221822AFD00D3C287 /* Utilities */ = {
			isa = PBXGroup;
			children = (
				F6042E072181F9CB00D3C287 /* UIScrollViewBridge.h */,
			);
			path = Utilities;
			sourceTree = "<group>";
		};
		F6042E1321822BBB00D3C287 /* CommonViews */ = {
			isa = PBXGroup;
			children = (
				F6FB7EE72180DE5100AD1F52 /* ShadowImageView.h */,
				F6FB7EE82180DE5100AD1F52 /* ShadowImageView.m */,
				F6FB7EEA2180DE5A00AD1F52 /* ShadowImageView.xib */,
			);
			path = CommonViews;
			sourceTree = "<group>";
		};
		F6042E1421822BD100D3C287 /* Zoo */ = {
			isa = PBXGroup;
			children = (
				F6042E0F21822AA300D3C287 /* Model */,
				F6042E0E21822A7A00D3C287 /* View */,
				F6042E0D21822A5700D3C287 /* Controller */,
			);
			path = Zoo;
			sourceTree = "<group>";
		};
		F622C87B21844C4C00E4ED6F /* ViewControllers */ = {
			isa = PBXGroup;
			children = (
				F6FE189C21843DF40059EF1B /* ListAnimalsViewControllerTests.m */,
			);
			path = ViewControllers;
			sourceTree = "<group>";
		};
		F622C87C21844C6F00E4ED6F /* Views */ = {
			isa = PBXGroup;
			children = (
				F622C87D21844C7F00E4ED6F /* AnimalCellTests.m */,
			);
			path = Views;
			sourceTree = "<group>";
		};
		F622C881218452E900E4ED6F /* Utilities */ = {
			isa = PBXGroup;
			children = (
				F622C87F218452E200E4ED6F /* UIScrollViewBridgeTests.m */,
			);
			path = Utilities;
			sourceTree = "<group>";
		};
		F622C8912184A6C900E4ED6F /* Spy */ = {
			isa = PBXGroup;
			children = (
				F622C8882184A06900E4ED6F /* UITableViewSpy.h */,
				F622C8892184A06900E4ED6F /* UITableViewSpy.m */,
				F622C88E2184A5F700E4ED6F /* ListAnimalsViewControllerSpy.h */,
				F622C88F2184A5F700E4ED6F /* ListAnimalsViewControllerSpy.m */,
				F622C88B2184A51800E4ED6F /* StretchyHeaderViewControllerSpy.h */,
				F622C88C2184A51800E4ED6F /* StretchyHeaderViewControllerSpy.m */,
			);
			path = Spy;
			sourceTree = "<group>";
		};
		F681F86E217DFA70006E6D2B = {
			isa = PBXGroup;
			children = (
				F681F879217DFA70006E6D2B /* CBKPractice */,
				F681F892217DFA72006E6D2B /* CBKPracticeTests */,
				F681F878217DFA70006E6D2B /* Products */,
				30B9EA16AA71E6929A6CF55B /* Pods */,
				9EB1BE3D174138567F9F731A /* Frameworks */,
			);
			sourceTree = "<group>";
		};
		F681F878217DFA70006E6D2B /* Products */ = {
			isa = PBXGroup;
			children = (
				F681F877217DFA70006E6D2B /* CBKPractice.app */,
				F681F88F217DFA72006E6D2B /* CBKPracticeTests.xctest */,
			);
			name = Products;
			sourceTree = "<group>";
		};
		F681F879217DFA70006E6D2B /* CBKPractice */ = {
			isa = PBXGroup;
			children = (
				F681F87A217DFA70006E6D2B /* AppDelegate.h */,
				F681F87B217DFA70006E6D2B /* AppDelegate.m */,
				F6042E1221822AFD00D3C287 /* Utilities */,
				F6042E1121822ABC00D3C287 /* Extension */,
				F6042E1321822BBB00D3C287 /* CommonViews */,
				F6042E1021822AA900D3C287 /* Api */,
				F6042E1421822BD100D3C287 /* Zoo */,
				F681F880217DFA70006E6D2B /* Main.storyboard */,
				F681F883217DFA72006E6D2B /* Assets.xcassets */,
				F6FB7EF12180F5E400AD1F52 /* Images.xcassets */,
				F681F885217DFA72006E6D2B /* LaunchScreen.storyboard */,
				F681F888217DFA72006E6D2B /* Info.plist */,
				F681F889217DFA72006E6D2B /* main.m */,
			);
			path = CBKPractice;
			sourceTree = "<group>";
		};
		F681F892217DFA72006E6D2B /* CBKPracticeTests */ = {
			isa = PBXGroup;
			children = (
				F622C8912184A6C900E4ED6F /* Spy */,
				F622C881218452E900E4ED6F /* Utilities */,
				F6FE189B21843D2C0059EF1B /* Apis */,
				F6FE189A21843D230059EF1B /* Models */,
				F622C87C21844C6F00E4ED6F /* Views */,
				F622C87B21844C4C00E4ED6F /* ViewControllers */,
				F681F895217DFA72006E6D2B /* Info.plist */,
			);
			path = CBKPracticeTests;
			sourceTree = "<group>";
		};
		F6FE189A21843D230059EF1B /* Models */ = {
			isa = PBXGroup;
			children = (
				F6FE189821843AE30059EF1B /* AnimalTests.m */,
			);
			path = Models;
			sourceTree = "<group>";
		};
		F6FE189B21843D2C0059EF1B /* Apis */ = {
			isa = PBXGroup;
			children = (
				F66E837121842DEB00C166FE /* ZooDataManagerTests.m */,
			);
			path = Apis;
			sourceTree = "<group>";
		};
/* End PBXGroup section */

/* Begin PBXNativeTarget section */
		F681F876217DFA70006E6D2B /* CBKPractice */ = {
			isa = PBXNativeTarget;
			buildConfigurationList = F681F898217DFA72006E6D2B /* Build configuration list for PBXNativeTarget "CBKPractice" */;
			buildPhases = (
				10ECAAE83B541DBF52EEC0E8 /* [CP] Check Pods Manifest.lock */,
				F681F873217DFA70006E6D2B /* Sources */,
				F681F874217DFA70006E6D2B /* Frameworks */,
				F681F875217DFA70006E6D2B /* Resources */,
			);
			buildRules = (
			);
			dependencies = (
			);
			name = CBKPractice;
			productName = CBKPractice;
			productReference = F681F877217DFA70006E6D2B /* CBKPractice.app */;
			productType = "com.apple.product-type.application";
		};
		F681F88E217DFA72006E6D2B /* CBKPracticeTests */ = {
			isa = PBXNativeTarget;
			buildConfigurationList = F681F89B217DFA72006E6D2B /* Build configuration list for PBXNativeTarget "CBKPracticeTests" */;
			buildPhases = (
				CC18DF9C5C587A01F054A86E /* [CP] Check Pods Manifest.lock */,
				F681F88B217DFA72006E6D2B /* Sources */,
				F681F88C217DFA72006E6D2B /* Frameworks */,
				F681F88D217DFA72006E6D2B /* Resources */,
			);
			buildRules = (
			);
			dependencies = (
				F681F891217DFA72006E6D2B /* PBXTargetDependency */,
			);
			name = CBKPracticeTests;
			productName = CBKPracticeTests;
			productReference = F681F88F217DFA72006E6D2B /* CBKPracticeTests.xctest */;
			productType = "com.apple.product-type.bundle.unit-test";
		};
/* End PBXNativeTarget section */

/* Begin PBXProject section */
		F681F86F217DFA70006E6D2B /* Project object */ = {
			isa = PBXProject;
			attributes = {
				LastUpgradeCheck = 1000;
				ORGANIZATIONNAME = "Stan Liu";
				TargetAttributes = {
					F681F876217DFA70006E6D2B = {
						CreatedOnToolsVersion = 10.0;
					};
					F681F88E217DFA72006E6D2B = {
						CreatedOnToolsVersion = 10.0;
						TestTargetID = F681F876217DFA70006E6D2B;
					};
				};
			};
			buildConfigurationList = F681F872217DFA70006E6D2B /* Build configuration list for PBXProject "CBKPractice" */;
			compatibilityVersion = "Xcode 9.3";
			developmentRegion = en;
			hasScannedForEncodings = 0;
			knownRegions = (
				en,
				Base,
			);
			mainGroup = F681F86E217DFA70006E6D2B;
			productRefGroup = F681F878217DFA70006E6D2B /* Products */;
			projectDirPath = "";
			projectRoot = "";
			targets = (
				F681F876217DFA70006E6D2B /* CBKPractice */,
				F681F88E217DFA72006E6D2B /* CBKPracticeTests */,
			);
		};
/* End PBXProject section */

/* Begin PBXResourcesBuildPhase section */
		F681F875217DFA70006E6D2B /* Resources */ = {
			isa = PBXResourcesBuildPhase;
			buildActionMask = 2147483647;
			files = (
				F6FB7EEB2180DE5A00AD1F52 /* ShadowImageView.xib in Resources */,
				F681F887217DFA72006E6D2B /* LaunchScreen.storyboard in Resources */,
				F68AE437218095030037D5D2 /* AnimalCell.xib in Resources */,
				F6FB7EF22180F5E400AD1F52 /* Images.xcassets in Resources */,
				F681F884217DFA72006E6D2B /* Assets.xcassets in Resources */,
				F681F882217DFA70006E6D2B /* Main.storyboard in Resources */,
			);
			runOnlyForDeploymentPostprocessing = 0;
		};
		F681F88D217DFA72006E6D2B /* Resources */ = {
			isa = PBXResourcesBuildPhase;
			buildActionMask = 2147483647;
			files = (
			);
			runOnlyForDeploymentPostprocessing = 0;
		};
/* End PBXResourcesBuildPhase section */

/* Begin PBXShellScriptBuildPhase section */
		10ECAAE83B541DBF52EEC0E8 /* [CP] Check Pods Manifest.lock */ = {
			isa = PBXShellScriptBuildPhase;
			buildActionMask = 2147483647;
			files = (
			);
			inputPaths = (
				"${PODS_PODFILE_DIR_PATH}/Podfile.lock",
				"${PODS_ROOT}/Manifest.lock",
			);
			name = "[CP] Check Pods Manifest.lock";
			outputPaths = (
				"$(DERIVED_FILE_DIR)/Pods-CBKPractice-checkManifestLockResult.txt",
			);
			runOnlyForDeploymentPostprocessing = 0;
			shellPath = /bin/sh;
			shellScript = "diff \"${PODS_PODFILE_DIR_PATH}/Podfile.lock\" \"${PODS_ROOT}/Manifest.lock\" > /dev/null\nif [ $? != 0 ] ; then\n    # print error to STDERR\n    echo \"error: The sandbox is not in sync with the Podfile.lock. Run 'pod install' or update your CocoaPods installation.\" >&2\n    exit 1\nfi\n# This output is used by Xcode 'outputs' to avoid re-running this script phase.\necho \"SUCCESS\" > \"${SCRIPT_OUTPUT_FILE_0}\"\n";
			showEnvVarsInLog = 0;
		};
		CC18DF9C5C587A01F054A86E /* [CP] Check Pods Manifest.lock */ = {
			isa = PBXShellScriptBuildPhase;
			buildActionMask = 2147483647;
			files = (
			);
			inputPaths = (
				"${PODS_PODFILE_DIR_PATH}/Podfile.lock",
				"${PODS_ROOT}/Manifest.lock",
			);
			name = "[CP] Check Pods Manifest.lock";
			outputPaths = (
				"$(DERIVED_FILE_DIR)/Pods-CBKPracticeTests-checkManifestLockResult.txt",
			);
			runOnlyForDeploymentPostprocessing = 0;
			shellPath = /bin/sh;
			shellScript = "diff \"${PODS_PODFILE_DIR_PATH}/Podfile.lock\" \"${PODS_ROOT}/Manifest.lock\" > /dev/null\nif [ $? != 0 ] ; then\n    # print error to STDERR\n    echo \"error: The sandbox is not in sync with the Podfile.lock. Run 'pod install' or update your CocoaPods installation.\" >&2\n    exit 1\nfi\n# This output is used by Xcode 'outputs' to avoid re-running this script phase.\necho \"SUCCESS\" > \"${SCRIPT_OUTPUT_FILE_0}\"\n";
			showEnvVarsInLog = 0;
		};
/* End PBXShellScriptBuildPhase section */

/* Begin PBXSourcesBuildPhase section */
		F681F873217DFA70006E6D2B /* Sources */ = {
			isa = PBXSourcesBuildPhase;
			buildActionMask = 2147483647;
			files = (
				F6FB7EE92180DE5100AD1F52 /* ShadowImageView.m in Sources */,
				F681F87F217DFA70006E6D2B /* ListAnimalsViewController.m in Sources */,
				F62ACA8F217F56450056A836 /* Animal.m in Sources */,
				F6042E062181F84200D3C287 /* StretchyHeaderViewController.m in Sources */,
				F6042E172182324E00D3C287 /* UITableView+RefreshKit.m in Sources */,
				F62ACA92217F56DA0056A836 /* ZooDataManager.m in Sources */,
				F6FB7EE62180DC2A00AD1F52 /* UIView+Round.m in Sources */,
				F681F88A217DFA72006E6D2B /* main.m in Sources */,
				F681F87C217DFA70006E6D2B /* AppDelegate.m in Sources */,
				F6FB7EEE2180E86600AD1F52 /* AnimalHeader.m in Sources */,
				F68AE436218095030037D5D2 /* AnimalCell.m in Sources */,
			);
			runOnlyForDeploymentPostprocessing = 0;
		};
		F681F88B217DFA72006E6D2B /* Sources */ = {
			isa = PBXSourcesBuildPhase;
			buildActionMask = 2147483647;
			files = (
				F622C880218452E200E4ED6F /* UIScrollViewBridgeTests.m in Sources */,
				F6FE189D21843DF40059EF1B /* ListAnimalsViewControllerTests.m in Sources */,
				F622C88D2184A51800E4ED6F /* StretchyHeaderViewControllerSpy.m in Sources */,
				F622C87E21844C7F00E4ED6F /* AnimalCellTests.m in Sources */,
				F66E837221842DEB00C166FE /* ZooDataManagerTests.m in Sources */,
				F622C8902184A5F700E4ED6F /* ListAnimalsViewControllerSpy.m in Sources */,
				F622C88A2184A06900E4ED6F /* UITableViewSpy.m in Sources */,
				F6FE189921843AE30059EF1B /* AnimalTests.m in Sources */,
			);
			runOnlyForDeploymentPostprocessing = 0;
		};
/* End PBXSourcesBuildPhase section */

/* Begin PBXTargetDependency section */
		F681F891217DFA72006E6D2B /* PBXTargetDependency */ = {
			isa = PBXTargetDependency;
			target = F681F876217DFA70006E6D2B /* CBKPractice */;
			targetProxy = F681F890217DFA72006E6D2B /* PBXContainerItemProxy */;
		};
/* End PBXTargetDependency section */

/* Begin PBXVariantGroup section */
		F681F880217DFA70006E6D2B /* Main.storyboard */ = {
			isa = PBXVariantGroup;
			children = (
				F681F881217DFA70006E6D2B /* Base */,
			);
			name = Main.storyboard;
			sourceTree = "<group>";
		};
		F681F885217DFA72006E6D2B /* LaunchScreen.storyboard */ = {
			isa = PBXVariantGroup;
			children = (
				F681F886217DFA72006E6D2B /* Base */,
			);
			name = LaunchScreen.storyboard;
			sourceTree = "<group>";
		};
/* End PBXVariantGroup section */

/* Begin XCBuildConfiguration section */
		F681F896217DFA72006E6D2B /* Debug */ = {
			isa = XCBuildConfiguration;
			buildSettings = {
				ALWAYS_SEARCH_USER_PATHS = NO;
				CLANG_ANALYZER_NONNULL = YES;
				CLANG_ANALYZER_NUMBER_OBJECT_CONVERSION = YES_AGGRESSIVE;
				CLANG_CXX_LANGUAGE_STANDARD = "gnu++14";
				CLANG_CXX_LIBRARY = "libc++";
				CLANG_ENABLE_MODULES = YES;
				CLANG_ENABLE_OBJC_ARC = YES;
				CLANG_ENABLE_OBJC_WEAK = YES;
				CLANG_WARN_BLOCK_CAPTURE_AUTORELEASING = YES;
				CLANG_WARN_BOOL_CONVERSION = YES;
				CLANG_WARN_COMMA = YES;
				CLANG_WARN_CONSTANT_CONVERSION = YES;
				CLANG_WARN_DEPRECATED_OBJC_IMPLEMENTATIONS = YES;
				CLANG_WARN_DIRECT_OBJC_ISA_USAGE = YES_ERROR;
				CLANG_WARN_DOCUMENTATION_COMMENTS = YES;
				CLANG_WARN_EMPTY_BODY = YES;
				CLANG_WARN_ENUM_CONVERSION = YES;
				CLANG_WARN_INFINITE_RECURSION = YES;
				CLANG_WARN_INT_CONVERSION = YES;
				CLANG_WARN_NON_LITERAL_NULL_CONVERSION = YES;
				CLANG_WARN_OBJC_IMPLICIT_RETAIN_SELF = YES;
				CLANG_WARN_OBJC_LITERAL_CONVERSION = YES;
				CLANG_WARN_OBJC_ROOT_CLASS = YES_ERROR;
				CLANG_WARN_RANGE_LOOP_ANALYSIS = YES;
				CLANG_WARN_STRICT_PROTOTYPES = YES;
				CLANG_WARN_SUSPICIOUS_MOVE = YES;
				CLANG_WARN_UNGUARDED_AVAILABILITY = YES_AGGRESSIVE;
				CLANG_WARN_UNREACHABLE_CODE = YES;
				CLANG_WARN__DUPLICATE_METHOD_MATCH = YES;
				CODE_SIGN_IDENTITY = "iPhone Developer";
				COPY_PHASE_STRIP = NO;
				DEBUG_INFORMATION_FORMAT = dwarf;
				ENABLE_STRICT_OBJC_MSGSEND = YES;
				ENABLE_TESTABILITY = YES;
				GCC_C_LANGUAGE_STANDARD = gnu11;
				GCC_DYNAMIC_NO_PIC = NO;
				GCC_NO_COMMON_BLOCKS = YES;
				GCC_OPTIMIZATION_LEVEL = 0;
				GCC_PREPROCESSOR_DEFINITIONS = (
					"DEBUG=1",
					"$(inherited)",
				);
				GCC_WARN_64_TO_32_BIT_CONVERSION = YES;
				GCC_WARN_ABOUT_RETURN_TYPE = YES_ERROR;
				GCC_WARN_UNDECLARED_SELECTOR = YES;
				GCC_WARN_UNINITIALIZED_AUTOS = YES_AGGRESSIVE;
				GCC_WARN_UNUSED_FUNCTION = YES;
				GCC_WARN_UNUSED_VARIABLE = YES;
				IPHONEOS_DEPLOYMENT_TARGET = 12.0;
				MTL_ENABLE_DEBUG_INFO = INCLUDE_SOURCE;
				MTL_FAST_MATH = YES;
				ONLY_ACTIVE_ARCH = YES;
				SDKROOT = iphoneos;
			};
			name = Debug;
		};
		F681F897217DFA72006E6D2B /* Release */ = {
			isa = XCBuildConfiguration;
			buildSettings = {
				ALWAYS_SEARCH_USER_PATHS = NO;
				CLANG_ANALYZER_NONNULL = YES;
				CLANG_ANALYZER_NUMBER_OBJECT_CONVERSION = YES_AGGRESSIVE;
				CLANG_CXX_LANGUAGE_STANDARD = "gnu++14";
				CLANG_CXX_LIBRARY = "libc++";
				CLANG_ENABLE_MODULES = YES;
				CLANG_ENABLE_OBJC_ARC = YES;
				CLANG_ENABLE_OBJC_WEAK = YES;
				CLANG_WARN_BLOCK_CAPTURE_AUTORELEASING = YES;
				CLANG_WARN_BOOL_CONVERSION = YES;
				CLANG_WARN_COMMA = YES;
				CLANG_WARN_CONSTANT_CONVERSION = YES;
				CLANG_WARN_DEPRECATED_OBJC_IMPLEMENTATIONS = YES;
				CLANG_WARN_DIRECT_OBJC_ISA_USAGE = YES_ERROR;
				CLANG_WARN_DOCUMENTATION_COMMENTS = YES;
				CLANG_WARN_EMPTY_BODY = YES;
				CLANG_WARN_ENUM_CONVERSION = YES;
				CLANG_WARN_INFINITE_RECURSION = YES;
				CLANG_WARN_INT_CONVERSION = YES;
				CLANG_WARN_NON_LITERAL_NULL_CONVERSION = YES;
				CLANG_WARN_OBJC_IMPLICIT_RETAIN_SELF = YES;
				CLANG_WARN_OBJC_LITERAL_CONVERSION = YES;
				CLANG_WARN_OBJC_ROOT_CLASS = YES_ERROR;
				CLANG_WARN_RANGE_LOOP_ANALYSIS = YES;
				CLANG_WARN_STRICT_PROTOTYPES = YES;
				CLANG_WARN_SUSPICIOUS_MOVE = YES;
				CLANG_WARN_UNGUARDED_AVAILABILITY = YES_AGGRESSIVE;
				CLANG_WARN_UNREACHABLE_CODE = YES;
				CLANG_WARN__DUPLICATE_METHOD_MATCH = YES;
				CODE_SIGN_IDENTITY = "iPhone Developer";
				COPY_PHASE_STRIP = NO;
				DEBUG_INFORMATION_FORMAT = "dwarf-with-dsym";
				ENABLE_NS_ASSERTIONS = NO;
				ENABLE_STRICT_OBJC_MSGSEND = YES;
				GCC_C_LANGUAGE_STANDARD = gnu11;
				GCC_NO_COMMON_BLOCKS = YES;
				GCC_WARN_64_TO_32_BIT_CONVERSION = YES;
				GCC_WARN_ABOUT_RETURN_TYPE = YES_ERROR;
				GCC_WARN_UNDECLARED_SELECTOR = YES;
				GCC_WARN_UNINITIALIZED_AUTOS = YES_AGGRESSIVE;
				GCC_WARN_UNUSED_FUNCTION = YES;
				GCC_WARN_UNUSED_VARIABLE = YES;
				IPHONEOS_DEPLOYMENT_TARGET = 12.0;
				MTL_ENABLE_DEBUG_INFO = NO;
				MTL_FAST_MATH = YES;
				SDKROOT = iphoneos;
				VALIDATE_PRODUCT = YES;
			};
			name = Release;
		};
		F681F899217DFA72006E6D2B /* Debug */ = {
			isa = XCBuildConfiguration;
			baseConfigurationReference = 4AAB25A3E020AF233F9B756B /* Pods-CBKPractice.debug.xcconfig */;
			buildSettings = {
				ASSETCATALOG_COMPILER_APPICON_NAME = AppIcon;
				CODE_SIGN_STYLE = Automatic;
				DEVELOPMENT_TEAM = 29DN3FMVP9;
				INFOPLIST_FILE = CBKPractice/Info.plist;
				IPHONEOS_DEPLOYMENT_TARGET = 9.0;
				LD_RUNPATH_SEARCH_PATHS = (
					"$(inherited)",
					"@executable_path/Frameworks",
				);
				PRODUCT_BUNDLE_IDENTIFIER = com.stan.CBKPractice;
				PRODUCT_NAME = "$(TARGET_NAME)";
				TARGETED_DEVICE_FAMILY = "1,2";
			};
			name = Debug;
		};
		F681F89A217DFA72006E6D2B /* Release */ = {
			isa = XCBuildConfiguration;
			baseConfigurationReference = 2F9B41DB446D9C59E19DAFCA /* Pods-CBKPractice.release.xcconfig */;
			buildSettings = {
				ASSETCATALOG_COMPILER_APPICON_NAME = AppIcon;
				CODE_SIGN_STYLE = Automatic;
				DEVELOPMENT_TEAM = 29DN3FMVP9;
				INFOPLIST_FILE = CBKPractice/Info.plist;
				IPHONEOS_DEPLOYMENT_TARGET = 9.0;
				LD_RUNPATH_SEARCH_PATHS = (
					"$(inherited)",
					"@executable_path/Frameworks",
				);
				PRODUCT_BUNDLE_IDENTIFIER = com.stan.CBKPractice;
				PRODUCT_NAME = "$(TARGET_NAME)";
				TARGETED_DEVICE_FAMILY = "1,2";
			};
			name = Release;
		};
		F681F89C217DFA72006E6D2B /* Debug */ = {
			isa = XCBuildConfiguration;
			baseConfigurationReference = 4323D67FC02F86DD4C2AA5DC /* Pods-CBKPracticeTests.debug.xcconfig */;
			buildSettings = {
				BUNDLE_LOADER = "$(TEST_HOST)";
				CODE_SIGN_STYLE = Automatic;
				DEVELOPMENT_TEAM = 29DN3FMVP9;
				INFOPLIST_FILE = CBKPracticeTests/Info.plist;
				LD_RUNPATH_SEARCH_PATHS = (
					"$(inherited)",
					"@executable_path/Frameworks",
					"@loader_path/Frameworks",
				);
				PRODUCT_BUNDLE_IDENTIFIER = com.stan.CBKPracticeTests;
				PRODUCT_NAME = "$(TARGET_NAME)";
				TARGETED_DEVICE_FAMILY = "1,2";
				TEST_HOST = "$(BUILT_PRODUCTS_DIR)/CBKPractice.app/CBKPractice";
			};
			name = Debug;
		};
		F681F89D217DFA72006E6D2B /* Release */ = {
			isa = XCBuildConfiguration;
			baseConfigurationReference = 082221AA62AFBA1D5AD4ED4A /* Pods-CBKPracticeTests.release.xcconfig */;
			buildSettings = {
				BUNDLE_LOADER = "$(TEST_HOST)";
				CODE_SIGN_STYLE = Automatic;
				DEVELOPMENT_TEAM = 29DN3FMVP9;
				INFOPLIST_FILE = CBKPracticeTests/Info.plist;
				LD_RUNPATH_SEARCH_PATHS = (
					"$(inherited)",
					"@executable_path/Frameworks",
					"@loader_path/Frameworks",
				);
				PRODUCT_BUNDLE_IDENTIFIER = com.stan.CBKPracticeTests;
				PRODUCT_NAME = "$(TARGET_NAME)";
				TARGETED_DEVICE_FAMILY = "1,2";
				TEST_HOST = "$(BUILT_PRODUCTS_DIR)/CBKPractice.app/CBKPractice";
			};
			name = Release;
		};
/* End XCBuildConfiguration section */

/* Begin XCConfigurationList section */
		F681F872217DFA70006E6D2B /* Build configuration list for PBXProject "CBKPractice" */ = {
			isa = XCConfigurationList;
			buildConfigurations = (
				F681F896217DFA72006E6D2B /* Debug */,
				F681F897217DFA72006E6D2B /* Release */,
			);
			defaultConfigurationIsVisible = 0;
			defaultConfigurationName = Release;
		};
		F681F898217DFA72006E6D2B /* Build configuration list for PBXNativeTarget "CBKPractice" */ = {
			isa = XCConfigurationList;
			buildConfigurations = (
				F681F899217DFA72006E6D2B /* Debug */,
				F681F89A217DFA72006E6D2B /* Release */,
			);
			defaultConfigurationIsVisible = 0;
			defaultConfigurationName = Release;
		};
		F681F89B217DFA72006E6D2B /* Build configuration list for PBXNativeTarget "CBKPracticeTests" */ = {
			isa = XCConfigurationList;
			buildConfigurations = (
				F681F89C217DFA72006E6D2B /* Debug */,
				F681F89D217DFA72006E6D2B /* Release */,
			);
			defaultConfigurationIsVisible = 0;
			defaultConfigurationName = Release;
		};
/* End XCConfigurationList section */
	};
	rootObject = F681F86F217DFA70006E6D2B /* Project object */;
}
